{
  "version": "5",
  "specifiers": {
    "jsr:@std/cli@1": "1.0.22",
    "jsr:@std/dotenv@*": "0.225.5",
    "jsr:@std/dotenv@0.225": "0.225.5",
    "npm:@clack/prompts@0.11": "0.11.0",
    "npm:openai@^6.10.0": "6.10.0"
  },
  "jsr": {
    "@std/cli@1.0.22": {
      "integrity": "50d1e4f87887cb8a8afa29b88505ab5081188f5cad3985460c3b471fa49ff21a"
    },
    "@std/dotenv@0.225.5": {
      "integrity": "9ce6f9d0ec3311f74a32535aa1b8c62ed88b1ab91b7f0815797d77a6f60c922f"
    }
  },
  "npm": {
    "@clack/core@0.5.0": {
      "integrity": "sha512-p3y0FIOwaYRUPRcMO7+dlmLh8PSRcrjuTndsiA0WAFbWES0mLZlrjVoBRZ9DzkPFJZG6KGkJmoEAY0ZcVWTkow==",
      "dependencies": [
        "picocolors",
        "sisteransi"
      ]
    },
    "@clack/prompts@0.11.0": {
      "integrity": "sha512-pMN5FcrEw9hUkZA4f+zLlzivQSeQf5dRGJjSUbvVYDLvpKCdQx5OaknvKzgbtXOizhP+SJJJjqEbOe55uKKfAw==",
      "dependencies": [
        "@clack/core",
        "picocolors",
        "sisteransi"
      ]
    },
    "openai@6.10.0": {
      "integrity": "sha512-ITxOGo7rO3XRMiKA5l7tQ43iNNu+iXGFAcf2t+aWVzzqRaS0i7m1K2BhxNdaveB+5eENhO0VY1FkiZzhBk4v3A==",
      "bin": true
    },
    "picocolors@1.1.1": {
      "integrity": "sha512-xceH2snhtb5M9liqDsmEw56le376mTZkEX/jEb/RxNFyegNul7eNslCXP9FDj/Lcu0X8KEyMceP2ntpaHrDEVA=="
    },
    "sisteransi@1.0.5": {
      "integrity": "sha512-bLGGlR1QxBcynn2d5YmDX4MGjlZvy2MRBDRNHLJ8VI6l6+9FUiyTFNJ0IveOSP0bcXgVDPRcfGqA0pjaqUpfVg=="
    }
  },
  "workspace": {
    "dependencies": [
      "jsr:@std/cli@1",
      "jsr:@std/dotenv@0.225",
      "npm:@clack/prompts@0.11",
      "npm:openai@^6.10.0"
    ]
  }
}
